
Microsoft Visual Studio Solution File, Format Version 12.00
# Visual Studio Version 17
VisualStudioVersion = 17.3.32811.315
MinimumVisualStudioVersion = 10.0.40219.1
Project("{FAE04EC0-301F-11D3-BF4B-00C04F79EFBC}") = "InternacionalizacionWPF", "InternacionalizacionWPF\InternacionalizacionWPF.csproj", "{77196090-69C4-4272-B032-649FBAF00A68}"
EndProject
Global
	GlobalSection(SolutionConfigurationPlatforms) = preSolution
		Debug|Any CPU = Debug|Any CPU
		Release|Any CPU = Release|Any CPU
	EndGlobalSection
	GlobalSection(ProjectConfigurationPlatforms) = postSolution
		{77196090-69C4-4272-B032-649FBAF00A68}.Debug|Any CPU.ActiveCfg = Debug|Any CPU
		{77196090-69C4-4272-B032-649FBAF00A68}.Debug|Any CPU.Build.0 = Debug|Any CPU
		{77196090-69C4-4272-B032-649FBAF00A68}.Release|Any CPU.ActiveCfg = Release|Any CPU
		{77196090-69C4-4272-B032-649FBAF00A68}.Release|Any CPU.Build.0 = Release|Any CPU
	EndGlobalSection
	GlobalSection(SolutionProperties) = preSolution
		HideSolutionNode = FALSE
	EndGlobalSection
	GlobalSection(ExtensibilityGlobals) = postSolution
		SolutionGuid = {D5489036-F665-40A5-9944-7A83462C20E5}
	EndGlobalSection
EndGlobal
